PODS:
  - AMRSA (1.0.3):
    - AMRSA/cipher (= 1.0.3)
    - AMRSA/error (= 1.0.3)
    - AMRSA/extension (= 1.0.3)
    - AMRSA/kernel (= 1.0.3)
    - AMRSA/openssl (= 1.0.3)
  - AMRSA/cipher (1.0.3):
    - AMRSA/error
  - AMRSA/error (1.0.3)
  - AMRSA/extension (1.0.3):
    - AMRSA/cipher
    - AMRSA/error
    - AMRSA/kernel
    - AMRSA/openssl
  - AMRSA/kernel (1.0.3):
    - AMRSA/cipher
    - AMRSA/error
  - AMRSA/openssl (1.0.3)

DEPENDENCIES:
  - AMRSA (from `../`)

EXTERNAL SOURCES:
  AMRSA:
    :path: "../"

SPEC CHECKSUMS:
  AMRSA: 130e9d0387878844b5916456b940d0c41b3576af

PODFILE CHECKSUM: 9f567f9709cb3ecf163caf9445e3eaf525db99c1

COCOAPODS: 1.2.0
