// !$*UTF8*$!
{
	archiveVersion = 1;
	classes = {
	};
	objectVersion = 46;
	objects = {

/* Begin PBXBuildFile section */
		112245DA8D9227CF2E2FF3B0 /* Pods_AMRSA_Tests.framework in Frameworks */ = {isa = PBXBuildFile; fileRef = C4EEA97C3923532D5317CB5A /* Pods_AMRSA_Tests.framework */; };
		6003F58E195388D20070C39A /* Foundation.framework in Frameworks */ = {isa = PBXBuildFile; fileRef = 6003F58D195388D20070C39A /* Foundation.framework */; };
		6003F590195388D20070C39A /* CoreGraphics.framework in Frameworks */ = {isa = PBXBuildFile; fileRef = 6003F58F195388D20070C39A /* CoreGraphics.framework */; };
		6003F592195388D20070C39A /* UIKit.framework in Frameworks */ = {isa = PBXBuildFile; fileRef = 6003F591195388D20070C39A /* UIKit.framework */; };
		6003F598195388D20070C39A /* InfoPlist.strings in Resources */ = {isa = PBXBuildFile; fileRef = 6003F596195388D20070C39A /* InfoPlist.strings */; };
		6003F59A195388D20070C39A /* main.m in Sources */ = {isa = PBXBuildFile; fileRef = 6003F599195388D20070C39A /* main.m */; };
		6003F59E195388D20070C39A /* AMAppDelegate.m in Sources */ = {isa = PBXBuildFile; fileRef = 6003F59D195388D20070C39A /* AMAppDelegate.m */; };
		6003F5A7195388D20070C39A /* AMViewController.m in Sources */ = {isa = PBXBuildFile; fileRef = 6003F5A6195388D20070C39A /* AMViewController.m */; };
		6003F5A9195388D20070C39A /* Images.xcassets in Resources */ = {isa = PBXBuildFile; fileRef = 6003F5A8195388D20070C39A /* Images.xcassets */; };
		6003F5B0195388D20070C39A /* XCTest.framework in Frameworks */ = {isa = PBXBuildFile; fileRef = 6003F5AF195388D20070C39A /* XCTest.framework */; };
		6003F5B1195388D20070C39A /* Foundation.framework in Frameworks */ = {isa = PBXBuildFile; fileRef = 6003F58D195388D20070C39A /* Foundation.framework */; };
		6003F5B2195388D20070C39A /* UIKit.framework in Frameworks */ = {isa = PBXBuildFile; fileRef = 6003F591195388D20070C39A /* UIKit.framework */; };
		6003F5BA195388D20070C39A /* InfoPlist.strings in Resources */ = {isa = PBXBuildFile; fileRef = 6003F5B8195388D20070C39A /* InfoPlist.strings */; };
		6003F5BC195388D20070C39A /* Tests.m in Sources */ = {isa = PBXBuildFile; fileRef = 6003F5BB195388D20070C39A /* Tests.m */; };
		71719F9F1E33DC2100824A3D /* LaunchScreen.storyboard in Resources */ = {isa = PBXBuildFile; fileRef = 71719F9D1E33DC2100824A3D /* LaunchScreen.storyboard */; };
		873B8AEB1B1F5CCA007FD442 /* Main.storyboard in Resources */ = {isa = PBXBuildFile; fileRef = 873B8AEA1B1F5CCA007FD442 /* Main.storyboard */; };
		A582157B0165D3A6A3EFDC41 /* Pods_AMRSA_Example.framework in Frameworks */ = {isa = PBXBuildFile; fileRef = 6B33C58FFDBD965D6D675AF1 /* Pods_AMRSA_Example.framework */; };
		AE9854C01E9FA7DE00A36D69 /* AMRSAKey.m in Sources */ = {isa = PBXBuildFile; fileRef = AE98544C1E9FA7DD00A36D69 /* AMRSAKey.m */; };
		AE9854C11E9FA7DE00A36D69 /* AMRSASecurity.m in Sources */ = {isa = PBXBuildFile; fileRef = AE98544E1E9FA7DD00A36D69 /* AMRSASecurity.m */; };
		AE9854C21E9FA7DE00A36D69 /* AMSecKeyRefConvertor.m in Sources */ = {isa = PBXBuildFile; fileRef = AE9854501E9FA7DD00A36D69 /* AMSecKeyRefConvertor.m */; };
		AE9854C31E9FA7DE00A36D69 /* NSString+PEM.m in Sources */ = {isa = PBXBuildFile; fileRef = AE9854521E9FA7DD00A36D69 /* NSString+PEM.m */; };
		AE9854C41E9FA7DE00A36D69 /* AMError.m in Sources */ = {isa = PBXBuildFile; fileRef = AE9854551E9FA7DD00A36D69 /* AMError.m */; };
		AE9854C51E9FA7DE00A36D69 /* AMRSAKeyPaireGenerator+Openssl.m in Sources */ = {isa = PBXBuildFile; fileRef = AE9854581E9FA7DD00A36D69 /* AMRSAKeyPaireGenerator+Openssl.m */; };
		AE9854C61E9FA7DE00A36D69 /* AMRSAKeyFactory.m in Sources */ = {isa = PBXBuildFile; fileRef = AE98545B1E9FA7DD00A36D69 /* AMRSAKeyFactory.m */; };
		AE9854C71E9FA7DE00A36D69 /* AMRSAKeyPaire.m in Sources */ = {isa = PBXBuildFile; fileRef = AE98545D1E9FA7DD00A36D69 /* AMRSAKeyPaire.m */; };
		AE9854C81E9FA7DE00A36D69 /* AMRSAKeyPaireGenerator.m in Sources */ = {isa = PBXBuildFile; fileRef = AE98545F1E9FA7DD00A36D69 /* AMRSAKeyPaireGenerator.m */; };
		AE9854C91E9FA7DE00A36D69 /* Info.plist in Resources */ = {isa = PBXBuildFile; fileRef = AE9854851E9FA7DD00A36D69 /* Info.plist */; };
		AE9854CA1E9FA7DE00A36D69 /* TTRSA.m in Sources */ = {isa = PBXBuildFile; fileRef = AE9854B51E9FA7DD00A36D69 /* TTRSA.m */; };
		AE9854CD1E9FA8D900A36D69 /* libcrypto.a in Frameworks */ = {isa = PBXBuildFile; fileRef = AE9854BE1E9FA7DE00A36D69 /* libcrypto.a */; };
		AE9854CE1E9FA8D900A36D69 /* libssl.a in Frameworks */ = {isa = PBXBuildFile; fileRef = AE9854BF1E9FA7DE00A36D69 /* libssl.a */; };
/* End PBXBuildFile section */

/* Begin PBXContainerItemProxy section */
		6003F5B3195388D20070C39A /* PBXContainerItemProxy */ = {
			isa = PBXContainerItemProxy;
			containerPortal = 6003F582195388D10070C39A /* Project object */;
			proxyType = 1;
			remoteGlobalIDString = 6003F589195388D20070C39A;
			remoteInfo = AMRSA;
		};
/* End PBXContainerItemProxy section */

/* Begin PBXFileReference section */
		4417C7826411BBA2792C0B99 /* Pods-AMRSA_Example.release.xcconfig */ = {isa = PBXFileReference; includeInIndex = 1; lastKnownFileType = text.xcconfig; name = "Pods-AMRSA_Example.release.xcconfig"; path = "Pods/Target Support Files/Pods-AMRSA_Example/Pods-AMRSA_Example.release.xcconfig"; sourceTree = "<group>"; };
		58C4E11968FC13662EEBDE65 /* AMRSA.podspec */ = {isa = PBXFileReference; includeInIndex = 1; lastKnownFileType = text; name = AMRSA.podspec; path = ../AMRSA.podspec; sourceTree = "<group>"; };
		6003F58A195388D20070C39A /* AMRSA_Example.app */ = {isa = PBXFileReference; explicitFileType = wrapper.application; includeInIndex = 0; path = AMRSA_Example.app; sourceTree = BUILT_PRODUCTS_DIR; };
		6003F58D195388D20070C39A /* Foundation.framework */ = {isa = PBXFileReference; lastKnownFileType = wrapper.framework; name = Foundation.framework; path = System/Library/Frameworks/Foundation.framework; sourceTree = SDKROOT; };
		6003F58F195388D20070C39A /* CoreGraphics.framework */ = {isa = PBXFileReference; lastKnownFileType = wrapper.framework; name = CoreGraphics.framework; path = System/Library/Frameworks/CoreGraphics.framework; sourceTree = SDKROOT; };
		6003F591195388D20070C39A /* UIKit.framework */ = {isa = PBXFileReference; lastKnownFileType = wrapper.framework; name = UIKit.framework; path = System/Library/Frameworks/UIKit.framework; sourceTree = SDKROOT; };
		6003F595195388D20070C39A /* AMRSA-Info.plist */ = {isa = PBXFileReference; lastKnownFileType = text.plist.xml; path = "AMRSA-Info.plist"; sourceTree = "<group>"; };
		6003F597195388D20070C39A /* en */ = {isa = PBXFileReference; lastKnownFileType = text.plist.strings; name = en; path = en.lproj/InfoPlist.strings; sourceTree = "<group>"; };
		6003F599195388D20070C39A /* main.m */ = {isa = PBXFileReference; lastKnownFileType = sourcecode.c.objc; path = main.m; sourceTree = "<group>"; };
		6003F59B195388D20070C39A /* AMRSA-Prefix.pch */ = {isa = PBXFileReference; lastKnownFileType = sourcecode.c.h; path = "AMRSA-Prefix.pch"; sourceTree = "<group>"; };
		6003F59C195388D20070C39A /* AMAppDelegate.h */ = {isa = PBXFileReference; lastKnownFileType = sourcecode.c.h; path = AMAppDelegate.h; sourceTree = "<group>"; };
		6003F59D195388D20070C39A /* AMAppDelegate.m */ = {isa = PBXFileReference; lastKnownFileType = sourcecode.c.objc; path = AMAppDelegate.m; sourceTree = "<group>"; };
		6003F5A5195388D20070C39A /* AMViewController.h */ = {isa = PBXFileReference; lastKnownFileType = sourcecode.c.h; path = AMViewController.h; sourceTree = "<group>"; };
		6003F5A6195388D20070C39A /* AMViewController.m */ = {isa = PBXFileReference; lastKnownFileType = sourcecode.c.objc; path = AMViewController.m; sourceTree = "<group>"; };
		6003F5A8195388D20070C39A /* Images.xcassets */ = {isa = PBXFileReference; lastKnownFileType = folder.assetcatalog; path = Images.xcassets; sourceTree = "<group>"; };
		6003F5AE195388D20070C39A /* AMRSA_Tests.xctest */ = {isa = PBXFileReference; explicitFileType = wrapper.cfbundle; includeInIndex = 0; path = AMRSA_Tests.xctest; sourceTree = BUILT_PRODUCTS_DIR; };
		6003F5AF195388D20070C39A /* XCTest.framework */ = {isa = PBXFileReference; lastKnownFileType = wrapper.framework; name = XCTest.framework; path = Library/Frameworks/XCTest.framework; sourceTree = DEVELOPER_DIR; };
		6003F5B7195388D20070C39A /* Tests-Info.plist */ = {isa = PBXFileReference; lastKnownFileType = text.plist.xml; path = "Tests-Info.plist"; sourceTree = "<group>"; };
		6003F5B9195388D20070C39A /* en */ = {isa = PBXFileReference; lastKnownFileType = text.plist.strings; name = en; path = en.lproj/InfoPlist.strings; sourceTree = "<group>"; };
		6003F5BB195388D20070C39A /* Tests.m */ = {isa = PBXFileReference; lastKnownFileType = sourcecode.c.objc; path = Tests.m; sourceTree = "<group>"; };
		606FC2411953D9B200FFA9A0 /* Tests-Prefix.pch */ = {isa = PBXFileReference; lastKnownFileType = sourcecode.c.h; path = "Tests-Prefix.pch"; sourceTree = "<group>"; };
		6552422AB88A083C545981B1 /* Pods-AMRSA_Tests.debug.xcconfig */ = {isa = PBXFileReference; includeInIndex = 1; lastKnownFileType = text.xcconfig; name = "Pods-AMRSA_Tests.debug.xcconfig"; path = "Pods/Target Support Files/Pods-AMRSA_Tests/Pods-AMRSA_Tests.debug.xcconfig"; sourceTree = "<group>"; };
		6B33C58FFDBD965D6D675AF1 /* Pods_AMRSA_Example.framework */ = {isa = PBXFileReference; explicitFileType = wrapper.framework; includeInIndex = 0; path = Pods_AMRSA_Example.framework; sourceTree = BUILT_PRODUCTS_DIR; };
		71719F9E1E33DC2100824A3D /* Base */ = {isa = PBXFileReference; lastKnownFileType = file.storyboard; name = Base; path = Base.lproj/LaunchScreen.storyboard; sourceTree = "<group>"; };
		873B8AEA1B1F5CCA007FD442 /* Main.storyboard */ = {isa = PBXFileReference; fileEncoding = 4; lastKnownFileType = file.storyboard; name = Main.storyboard; path = Base.lproj/Main.storyboard; sourceTree = "<group>"; };
		ABBAF23431DDBEC9289B622E /* README.md */ = {isa = PBXFileReference; includeInIndex = 1; lastKnownFileType = net.daringfireball.markdown; name = README.md; path = ../README.md; sourceTree = "<group>"; };
		AE98544B1E9FA7DD00A36D69 /* AMRSAKey.h */ = {isa = PBXFileReference; fileEncoding = 4; lastKnownFileType = sourcecode.c.h; path = AMRSAKey.h; sourceTree = "<group>"; };
		AE98544C1E9FA7DD00A36D69 /* AMRSAKey.m */ = {isa = PBXFileReference; fileEncoding = 4; lastKnownFileType = sourcecode.c.objc; path = AMRSAKey.m; sourceTree = "<group>"; };
		AE98544D1E9FA7DD00A36D69 /* AMRSASecurity.h */ = {isa = PBXFileReference; fileEncoding = 4; lastKnownFileType = sourcecode.c.h; path = AMRSASecurity.h; sourceTree = "<group>"; };
		AE98544E1E9FA7DD00A36D69 /* AMRSASecurity.m */ = {isa = PBXFileReference; fileEncoding = 4; lastKnownFileType = sourcecode.c.objc; path = AMRSASecurity.m; sourceTree = "<group>"; };
		AE98544F1E9FA7DD00A36D69 /* AMSecKeyRefConvertor.h */ = {isa = PBXFileReference; fileEncoding = 4; lastKnownFileType = sourcecode.c.h; path = AMSecKeyRefConvertor.h; sourceTree = "<group>"; };
		AE9854501E9FA7DD00A36D69 /* AMSecKeyRefConvertor.m */ = {isa = PBXFileReference; fileEncoding = 4; lastKnownFileType = sourcecode.c.objc; path = AMSecKeyRefConvertor.m; sourceTree = "<group>"; };
		AE9854511E9FA7DD00A36D69 /* NSString+PEM.h */ = {isa = PBXFileReference; fileEncoding = 4; lastKnownFileType = sourcecode.c.h; path = "NSString+PEM.h"; sourceTree = "<group>"; };
		AE9854521E9FA7DD00A36D69 /* NSString+PEM.m */ = {isa = PBXFileReference; fileEncoding = 4; lastKnownFileType = sourcecode.c.objc; path = "NSString+PEM.m"; sourceTree = "<group>"; };
		AE9854541E9FA7DD00A36D69 /* AMError.h */ = {isa = PBXFileReference; fileEncoding = 4; lastKnownFileType = sourcecode.c.h; path = AMError.h; sourceTree = "<group>"; };
		AE9854551E9FA7DD00A36D69 /* AMError.m */ = {isa = PBXFileReference; fileEncoding = 4; lastKnownFileType = sourcecode.c.objc; path = AMError.m; sourceTree = "<group>"; };
		AE9854571E9FA7DD00A36D69 /* AMRSAKeyPaireGenerator+Openssl.h */ = {isa = PBXFileReference; fileEncoding = 4; lastKnownFileType = sourcecode.c.h; path = "AMRSAKeyPaireGenerator+Openssl.h"; sourceTree = "<group>"; };
		AE9854581E9FA7DD00A36D69 /* AMRSAKeyPaireGenerator+Openssl.m */ = {isa = PBXFileReference; fileEncoding = 4; lastKnownFileType = sourcecode.c.objc; path = "AMRSAKeyPaireGenerator+Openssl.m"; sourceTree = "<group>"; };
		AE98545A1E9FA7DD00A36D69 /* AMRSAKeyFactory.h */ = {isa = PBXFileReference; fileEncoding = 4; lastKnownFileType = sourcecode.c.h; path = AMRSAKeyFactory.h; sourceTree = "<group>"; };
		AE98545B1E9FA7DD00A36D69 /* AMRSAKeyFactory.m */ = {isa = PBXFileReference; fileEncoding = 4; lastKnownFileType = sourcecode.c.objc; path = AMRSAKeyFactory.m; sourceTree = "<group>"; };
		AE98545C1E9FA7DD00A36D69 /* AMRSAKeyPaire.h */ = {isa = PBXFileReference; fileEncoding = 4; lastKnownFileType = sourcecode.c.h; path = AMRSAKeyPaire.h; sourceTree = "<group>"; };
		AE98545D1E9FA7DD00A36D69 /* AMRSAKeyPaire.m */ = {isa = PBXFileReference; fileEncoding = 4; lastKnownFileType = sourcecode.c.objc; path = AMRSAKeyPaire.m; sourceTree = "<group>"; };
		AE98545E1E9FA7DD00A36D69 /* AMRSAKeyPaireGenerator.h */ = {isa = PBXFileReference; fileEncoding = 4; lastKnownFileType = sourcecode.c.h; path = AMRSAKeyPaireGenerator.h; sourceTree = "<group>"; };
		AE98545F1E9FA7DD00A36D69 /* AMRSAKeyPaireGenerator.m */ = {isa = PBXFileReference; fileEncoding = 4; lastKnownFileType = sourcecode.c.objc; path = AMRSAKeyPaireGenerator.m; sourceTree = "<group>"; };
		AE9854631E9FA7DD00A36D69 /* aes.h */ = {isa = PBXFileReference; fileEncoding = 4; lastKnownFileType = sourcecode.c.h; path = aes.h; sourceTree = "<group>"; };
		AE9854641E9FA7DD00A36D69 /* asn1.h */ = {isa = PBXFileReference; fileEncoding = 4; lastKnownFileType = sourcecode.c.h; path = asn1.h; sourceTree = "<group>"; };
		AE9854651E9FA7DD00A36D69 /* asn1_mac.h */ = {isa = PBXFileReference; fileEncoding = 4; lastKnownFileType = sourcecode.c.h; path = asn1_mac.h; sourceTree = "<group>"; };
		AE9854661E9FA7DD00A36D69 /* asn1t.h */ = {isa = PBXFileReference; fileEncoding = 4; lastKnownFileType = sourcecode.c.h; path = asn1t.h; sourceTree = "<group>"; };
		AE9854671E9FA7DD00A36D69 /* async.h */ = {isa = PBXFileReference; fileEncoding = 4; lastKnownFileType = sourcecode.c.h; path = async.h; sourceTree = "<group>"; };
		AE9854681E9FA7DD00A36D69 /* bio.h */ = {isa = PBXFileReference; fileEncoding = 4; lastKnownFileType = sourcecode.c.h; path = bio.h; sourceTree = "<group>"; };
		AE9854691E9FA7DD00A36D69 /* blowfish.h */ = {isa = PBXFileReference; fileEncoding = 4; lastKnownFileType = sourcecode.c.h; path = blowfish.h; sourceTree = "<group>"; };
		AE98546A1E9FA7DD00A36D69 /* bn.h */ = {isa = PBXFileReference; fileEncoding = 4; lastKnownFileType = sourcecode.c.h; path = bn.h; sourceTree = "<group>"; };
		AE98546B1E9FA7DD00A36D69 /* buffer.h */ = {isa = PBXFileReference; fileEncoding = 4; lastKnownFileType = sourcecode.c.h; path = buffer.h; sourceTree = "<group>"; };
		AE98546C1E9FA7DD00A36D69 /* camellia.h */ = {isa = PBXFileReference; fileEncoding = 4; lastKnownFileType = sourcecode.c.h; path = camellia.h; sourceTree = "<group>"; };
		AE98546D1E9FA7DD00A36D69 /* cast.h */ = {isa = PBXFileReference; fileEncoding = 4; lastKnownFileType = sourcecode.c.h; path = cast.h; sourceTree = "<group>"; };
		AE98546E1E9FA7DD00A36D69 /* cmac.h */ = {isa = PBXFileReference; fileEncoding = 4; lastKnownFileType = sourcecode.c.h; path = cmac.h; sourceTree = "<group>"; };
		AE98546F1E9FA7DD00A36D69 /* cms.h */ = {isa = PBXFileReference; fileEncoding = 4; lastKnownFileType = sourcecode.c.h; path = cms.h; sourceTree = "<group>"; };
		AE9854701E9FA7DD00A36D69 /* comp.h */ = {isa = PBXFileReference; fileEncoding = 4; lastKnownFileType = sourcecode.c.h; path = comp.h; sourceTree = "<group>"; };
		AE9854711E9FA7DD00A36D69 /* conf.h */ = {isa = PBXFileReference; fileEncoding = 4; lastKnownFileType = sourcecode.c.h; path = conf.h; sourceTree = "<group>"; };
		AE9854721E9FA7DD00A36D69 /* conf_api.h */ = {isa = PBXFileReference; fileEncoding = 4; lastKnownFileType = sourcecode.c.h; path = conf_api.h; sourceTree = "<group>"; };
		AE9854731E9FA7DD00A36D69 /* crypto.h */ = {isa = PBXFileReference; fileEncoding = 4; lastKnownFileType = sourcecode.c.h; path = crypto.h; sourceTree = "<group>"; };
		AE9854741E9FA7DD00A36D69 /* ct.h */ = {isa = PBXFileReference; fileEncoding = 4; lastKnownFileType = sourcecode.c.h; path = ct.h; sourceTree = "<group>"; };
		AE9854751E9FA7DD00A36D69 /* des.h */ = {isa = PBXFileReference; fileEncoding = 4; lastKnownFileType = sourcecode.c.h; path = des.h; sourceTree = "<group>"; };
		AE9854761E9FA7DD00A36D69 /* des_old.h */ = {isa = PBXFileReference; fileEncoding = 4; lastKnownFileType = sourcecode.c.h; path = des_old.h; sourceTree = "<group>"; };
		AE9854771E9FA7DD00A36D69 /* dh.h */ = {isa = PBXFileReference; fileEncoding = 4; lastKnownFileType = sourcecode.c.h; path = dh.h; sourceTree = "<group>"; };
		AE9854781E9FA7DD00A36D69 /* dsa.h */ = {isa = PBXFileReference; fileEncoding = 4; lastKnownFileType = sourcecode.c.h; path = dsa.h; sourceTree = "<group>"; };
		AE9854791E9FA7DD00A36D69 /* dso.h */ = {isa = PBXFileReference; fileEncoding = 4; lastKnownFileType = sourcecode.c.h; path = dso.h; sourceTree = "<group>"; };
		AE98547A1E9FA7DD00A36D69 /* dtls1.h */ = {isa = PBXFileReference; fileEncoding = 4; lastKnownFileType = sourcecode.c.h; path = dtls1.h; sourceTree = "<group>"; };
		AE98547B1E9FA7DD00A36D69 /* e_os2.h */ = {isa = PBXFileReference; fileEncoding = 4; lastKnownFileType = sourcecode.c.h; path = e_os2.h; sourceTree = "<group>"; };
		AE98547C1E9FA7DD00A36D69 /* ebcdic.h */ = {isa = PBXFileReference; fileEncoding = 4; lastKnownFileType = sourcecode.c.h; path = ebcdic.h; sourceTree = "<group>"; };
		AE98547D1E9FA7DD00A36D69 /* ec.h */ = {isa = PBXFileReference; fileEncoding = 4; lastKnownFileType = sourcecode.c.h; path = ec.h; sourceTree = "<group>"; };
		AE98547E1E9FA7DD00A36D69 /* ecdh.h */ = {isa = PBXFileReference; fileEncoding = 4; lastKnownFileType = sourcecode.c.h; path = ecdh.h; sourceTree = "<group>"; };
		AE98547F1E9FA7DD00A36D69 /* ecdsa.h */ = {isa = PBXFileReference; fileEncoding = 4; lastKnownFileType = sourcecode.c.h; path = ecdsa.h; sourceTree = "<group>"; };
		AE9854801E9FA7DD00A36D69 /* engine.h */ = {isa = PBXFileReference; fileEncoding = 4; lastKnownFileType = sourcecode.c.h; path = engine.h; sourceTree = "<group>"; };
		AE9854811E9FA7DD00A36D69 /* err.h */ = {isa = PBXFileReference; fileEncoding = 4; lastKnownFileType = sourcecode.c.h; path = err.h; sourceTree = "<group>"; };
		AE9854821E9FA7DD00A36D69 /* evp.h */ = {isa = PBXFileReference; fileEncoding = 4; lastKnownFileType = sourcecode.c.h; path = evp.h; sourceTree = "<group>"; };
		AE9854831E9FA7DD00A36D69 /* hmac.h */ = {isa = PBXFileReference; fileEncoding = 4; lastKnownFileType = sourcecode.c.h; path = hmac.h; sourceTree = "<group>"; };
		AE9854841E9FA7DD00A36D69 /* idea.h */ = {isa = PBXFileReference; fileEncoding = 4; lastKnownFileType = sourcecode.c.h; path = idea.h; sourceTree = "<group>"; };
		AE9854851E9FA7DD00A36D69 /* Info.plist */ = {isa = PBXFileReference; fileEncoding = 4; lastKnownFileType = text.plist.xml; path = Info.plist; sourceTree = "<group>"; };
		AE9854861E9FA7DD00A36D69 /* kdf.h */ = {isa = PBXFileReference; fileEncoding = 4; lastKnownFileType = sourcecode.c.h; path = kdf.h; sourceTree = "<group>"; };
		AE9854871E9FA7DD00A36D69 /* krb5_asn.h */ = {isa = PBXFileReference; fileEncoding = 4; lastKnownFileType = sourcecode.c.h; path = krb5_asn.h; sourceTree = "<group>"; };
		AE9854881E9FA7DD00A36D69 /* kssl.h */ = {isa = PBXFileReference; fileEncoding = 4; lastKnownFileType = sourcecode.c.h; path = kssl.h; sourceTree = "<group>"; };
		AE9854891E9FA7DD00A36D69 /* lhash.h */ = {isa = PBXFileReference; fileEncoding = 4; lastKnownFileType = sourcecode.c.h; path = lhash.h; sourceTree = "<group>"; };
		AE98548A1E9FA7DD00A36D69 /* md2.h */ = {isa = PBXFileReference; fileEncoding = 4; lastKnownFileType = sourcecode.c.h; path = md2.h; sourceTree = "<group>"; };
		AE98548B1E9FA7DD00A36D69 /* md4.h */ = {isa = PBXFileReference; fileEncoding = 4; lastKnownFileType = sourcecode.c.h; path = md4.h; sourceTree = "<group>"; };
		AE98548C1E9FA7DD00A36D69 /* md5.h */ = {isa = PBXFileReference; fileEncoding = 4; lastKnownFileType = sourcecode.c.h; path = md5.h; sourceTree = "<group>"; };
		AE98548D1E9FA7DD00A36D69 /* mdc2.h */ = {isa = PBXFileReference; fileEncoding = 4; lastKnownFileType = sourcecode.c.h; path = mdc2.h; sourceTree = "<group>"; };
		AE98548E1E9FA7DD00A36D69 /* modes.h */ = {isa = PBXFileReference; fileEncoding = 4; lastKnownFileType = sourcecode.c.h; path = modes.h; sourceTree = "<group>"; };
		AE98548F1E9FA7DD00A36D69 /* obj_mac.h */ = {isa = PBXFileReference; fileEncoding = 4; lastKnownFileType = sourcecode.c.h; path = obj_mac.h; sourceTree = "<group>"; };
		AE9854901E9FA7DD00A36D69 /* objects.h */ = {isa = PBXFileReference; fileEncoding = 4; lastKnownFileType = sourcecode.c.h; path = objects.h; sourceTree = "<group>"; };
		AE9854911E9FA7DD00A36D69 /* ocsp.h */ = {isa = PBXFileReference; fileEncoding = 4; lastKnownFileType = sourcecode.c.h; path = ocsp.h; sourceTree = "<group>"; };
		AE9854921E9FA7DD00A36D69 /* opensslconf.h */ = {isa = PBXFileReference; fileEncoding = 4; lastKnownFileType = sourcecode.c.h; path = opensslconf.h; sourceTree = "<group>"; };
		AE9854931E9FA7DD00A36D69 /* opensslconf_ios_arm64.h */ = {isa = PBXFileReference; fileEncoding = 4; lastKnownFileType = sourcecode.c.h; path = opensslconf_ios_arm64.h; sourceTree = "<group>"; };
		AE9854941E9FA7DD00A36D69 /* opensslconf_ios_armv7.h */ = {isa = PBXFileReference; fileEncoding = 4; lastKnownFileType = sourcecode.c.h; path = opensslconf_ios_armv7.h; sourceTree = "<group>"; };
		AE9854951E9FA7DD00A36D69 /* opensslconf_ios_armv7s.h */ = {isa = PBXFileReference; fileEncoding = 4; lastKnownFileType = sourcecode.c.h; path = opensslconf_ios_armv7s.h; sourceTree = "<group>"; };
		AE9854961E9FA7DD00A36D69 /* opensslconf_ios_i386.h */ = {isa = PBXFileReference; fileEncoding = 4; lastKnownFileType = sourcecode.c.h; path = opensslconf_ios_i386.h; sourceTree = "<group>"; };
		AE9854971E9FA7DD00A36D69 /* opensslconf_ios_x86_64.h */ = {isa = PBXFileReference; fileEncoding = 4; lastKnownFileType = sourcecode.c.h; path = opensslconf_ios_x86_64.h; sourceTree = "<group>"; };
		AE9854981E9FA7DD00A36D69 /* opensslconf_tvos_arm64.h */ = {isa = PBXFileReference; fileEncoding = 4; lastKnownFileType = sourcecode.c.h; path = opensslconf_tvos_arm64.h; sourceTree = "<group>"; };
		AE9854991E9FA7DD00A36D69 /* opensslconf_tvos_x86_64.h */ = {isa = PBXFileReference; fileEncoding = 4; lastKnownFileType = sourcecode.c.h; path = opensslconf_tvos_x86_64.h; sourceTree = "<group>"; };
		AE98549A1E9FA7DD00A36D69 /* opensslv.h */ = {isa = PBXFileReference; fileEncoding = 4; lastKnownFileType = sourcecode.c.h; path = opensslv.h; sourceTree = "<group>"; };
		AE98549B1E9FA7DD00A36D69 /* ossl_typ.h */ = {isa = PBXFileReference; fileEncoding = 4; lastKnownFileType = sourcecode.c.h; path = ossl_typ.h; sourceTree = "<group>"; };
		AE98549C1E9FA7DD00A36D69 /* pem.h */ = {isa = PBXFileReference; fileEncoding = 4; lastKnownFileType = sourcecode.c.h; path = pem.h; sourceTree = "<group>"; };
		AE98549D1E9FA7DD00A36D69 /* pem2.h */ = {isa = PBXFileReference; fileEncoding = 4; lastKnownFileType = sourcecode.c.h; path = pem2.h; sourceTree = "<group>"; };
		AE98549E1E9FA7DD00A36D69 /* pkcs12.h */ = {isa = PBXFileReference; fileEncoding = 4; lastKnownFileType = sourcecode.c.h; path = pkcs12.h; sourceTree = "<group>"; };
		AE98549F1E9FA7DD00A36D69 /* pkcs7.h */ = {isa = PBXFileReference; fileEncoding = 4; lastKnownFileType = sourcecode.c.h; path = pkcs7.h; sourceTree = "<group>"; };
		AE9854A01E9FA7DD00A36D69 /* pqueue.h */ = {isa = PBXFileReference; fileEncoding = 4; lastKnownFileType = sourcecode.c.h; path = pqueue.h; sourceTree = "<group>"; };
		AE9854A11E9FA7DD00A36D69 /* rand.h */ = {isa = PBXFileReference; fileEncoding = 4; lastKnownFileType = sourcecode.c.h; path = rand.h; sourceTree = "<group>"; };
		AE9854A21E9FA7DD00A36D69 /* rc2.h */ = {isa = PBXFileReference; fileEncoding = 4; lastKnownFileType = sourcecode.c.h; path = rc2.h; sourceTree = "<group>"; };
		AE9854A31E9FA7DD00A36D69 /* rc4.h */ = {isa = PBXFileReference; fileEncoding = 4; lastKnownFileType = sourcecode.c.h; path = rc4.h; sourceTree = "<group>"; };
		AE9854A41E9FA7DD00A36D69 /* rc5.h */ = {isa = PBXFileReference; fileEncoding = 4; lastKnownFileType = sourcecode.c.h; path = rc5.h; sourceTree = "<group>"; };
		AE9854A51E9FA7DD00A36D69 /* ripemd.h */ = {isa = PBXFileReference; fileEncoding = 4; lastKnownFileType = sourcecode.c.h; path = ripemd.h; sourceTree = "<group>"; };
		AE9854A61E9FA7DD00A36D69 /* rsa.h */ = {isa = PBXFileReference; fileEncoding = 4; lastKnownFileType = sourcecode.c.h; path = rsa.h; sourceTree = "<group>"; };
		AE9854A71E9FA7DD00A36D69 /* safestack.h */ = {isa = PBXFileReference; fileEncoding = 4; lastKnownFileType = sourcecode.c.h; path = safestack.h; sourceTree = "<group>"; };
		AE9854A81E9FA7DD00A36D69 /* seed.h */ = {isa = PBXFileReference; fileEncoding = 4; lastKnownFileType = sourcecode.c.h; path = seed.h; sourceTree = "<group>"; };
		AE9854A91E9FA7DD00A36D69 /* sha.h */ = {isa = PBXFileReference; fileEncoding = 4; lastKnownFileType = sourcecode.c.h; path = sha.h; sourceTree = "<group>"; };
		AE9854AA1E9FA7DD00A36D69 /* srp.h */ = {isa = PBXFileReference; fileEncoding = 4; lastKnownFileType = sourcecode.c.h; path = srp.h; sourceTree = "<group>"; };
		AE9854AB1E9FA7DD00A36D69 /* srtp.h */ = {isa = PBXFileReference; fileEncoding = 4; lastKnownFileType = sourcecode.c.h; path = srtp.h; sourceTree = "<group>"; };
		AE9854AC1E9FA7DD00A36D69 /* ssl.h */ = {isa = PBXFileReference; fileEncoding = 4; lastKnownFileType = sourcecode.c.h; path = ssl.h; sourceTree = "<group>"; };
		AE9854AD1E9FA7DD00A36D69 /* ssl2.h */ = {isa = PBXFileReference; fileEncoding = 4; lastKnownFileType = sourcecode.c.h; path = ssl2.h; sourceTree = "<group>"; };
		AE9854AE1E9FA7DD00A36D69 /* ssl23.h */ = {isa = PBXFileReference; fileEncoding = 4; lastKnownFileType = sourcecode.c.h; path = ssl23.h; sourceTree = "<group>"; };
		AE9854AF1E9FA7DD00A36D69 /* ssl3.h */ = {isa = PBXFileReference; fileEncoding = 4; lastKnownFileType = sourcecode.c.h; path = ssl3.h; sourceTree = "<group>"; };
		AE9854B01E9FA7DD00A36D69 /* stack.h */ = {isa = PBXFileReference; fileEncoding = 4; lastKnownFileType = sourcecode.c.h; path = stack.h; sourceTree = "<group>"; };
		AE9854B11E9FA7DD00A36D69 /* symhacks.h */ = {isa = PBXFileReference; fileEncoding = 4; lastKnownFileType = sourcecode.c.h; path = symhacks.h; sourceTree = "<group>"; };
		AE9854B21E9FA7DD00A36D69 /* tls1.h */ = {isa = PBXFileReference; fileEncoding = 4; lastKnownFileType = sourcecode.c.h; path = tls1.h; sourceTree = "<group>"; };
		AE9854B31E9FA7DD00A36D69 /* ts.h */ = {isa = PBXFileReference; fileEncoding = 4; lastKnownFileType = sourcecode.c.h; path = ts.h; sourceTree = "<group>"; };
		AE9854B41E9FA7DD00A36D69 /* TTRSA.h */ = {isa = PBXFileReference; fileEncoding = 4; lastKnownFileType = sourcecode.c.h; path = TTRSA.h; sourceTree = "<group>"; };
		AE9854B51E9FA7DD00A36D69 /* TTRSA.m */ = {isa = PBXFileReference; fileEncoding = 4; lastKnownFileType = sourcecode.c.objc; path = TTRSA.m; sourceTree = "<group>"; };
		AE9854B61E9FA7DD00A36D69 /* txt_db.h */ = {isa = PBXFileReference; fileEncoding = 4; lastKnownFileType = sourcecode.c.h; path = txt_db.h; sourceTree = "<group>"; };
		AE9854B71E9FA7DD00A36D69 /* ui.h */ = {isa = PBXFileReference; fileEncoding = 4; lastKnownFileType = sourcecode.c.h; path = ui.h; sourceTree = "<group>"; };
		AE9854B81E9FA7DD00A36D69 /* ui_compat.h */ = {isa = PBXFileReference; fileEncoding = 4; lastKnownFileType = sourcecode.c.h; path = ui_compat.h; sourceTree = "<group>"; };
		AE9854B91E9FA7DE00A36D69 /* whrlpool.h */ = {isa = PBXFileReference; fileEncoding = 4; lastKnownFileType = sourcecode.c.h; path = whrlpool.h; sourceTree = "<group>"; };
		AE9854BA1E9FA7DE00A36D69 /* x509.h */ = {isa = PBXFileReference; fileEncoding = 4; lastKnownFileType = sourcecode.c.h; path = x509.h; sourceTree = "<group>"; };
		AE9854BB1E9FA7DE00A36D69 /* x509_vfy.h */ = {isa = PBXFileReference; fileEncoding = 4; lastKnownFileType = sourcecode.c.h; path = x509_vfy.h; sourceTree = "<group>"; };
		AE9854BC1E9FA7DE00A36D69 /* x509v3.h */ = {isa = PBXFileReference; fileEncoding = 4; lastKnownFileType = sourcecode.c.h; path = x509v3.h; sourceTree = "<group>"; };
		AE9854BE1E9FA7DE00A36D69 /* libcrypto.a */ = {isa = PBXFileReference; lastKnownFileType = archive.ar; path = libcrypto.a; sourceTree = "<group>"; };
		AE9854BF1E9FA7DE00A36D69 /* libssl.a */ = {isa = PBXFileReference; lastKnownFileType = archive.ar; path = libssl.a; sourceTree = "<group>"; };
		C4EEA97C3923532D5317CB5A /* Pods_AMRSA_Tests.framework */ = {isa = PBXFileReference; explicitFileType = wrapper.framework; includeInIndex = 0; path = Pods_AMRSA_Tests.framework; sourceTree = BUILT_PRODUCTS_DIR; };
		CD1CB73509E6ED0EA9ABFF0A /* LICENSE */ = {isa = PBXFileReference; includeInIndex = 1; lastKnownFileType = text; name = LICENSE; path = ../LICENSE; sourceTree = "<group>"; };
		E4766818B524C594F9283843 /* Pods-AMRSA_Tests.release.xcconfig */ = {isa = PBXFileReference; includeInIndex = 1; lastKnownFileType = text.xcconfig; name = "Pods-AMRSA_Tests.release.xcconfig"; path = "Pods/Target Support Files/Pods-AMRSA_Tests/Pods-AMRSA_Tests.release.xcconfig"; sourceTree = "<group>"; };
		F02D36B06F76CCF60EDB7F5E /* Pods-AMRSA_Example.debug.xcconfig */ = {isa = PBXFileReference; includeInIndex = 1; lastKnownFileType = text.xcconfig; name = "Pods-AMRSA_Example.debug.xcconfig"; path = "Pods/Target Support Files/Pods-AMRSA_Example/Pods-AMRSA_Example.debug.xcconfig"; sourceTree = "<group>"; };
/* End PBXFileReference section */

/* Begin PBXFrameworksBuildPhase section */
		6003F587195388D20070C39A /* Frameworks */ = {
			isa = PBXFrameworksBuildPhase;
			buildActionMask = 2147483647;
			files = (
				AE9854CD1E9FA8D900A36D69 /* libcrypto.a in Frameworks */,
				AE9854CE1E9FA8D900A36D69 /* libssl.a in Frameworks */,
				6003F590195388D20070C39A /* CoreGraphics.framework in Frameworks */,
				6003F592195388D20070C39A /* UIKit.framework in Frameworks */,
				6003F58E195388D20070C39A /* Foundation.framework in Frameworks */,
				A582157B0165D3A6A3EFDC41 /* Pods_AMRSA_Example.framework in Frameworks */,
			);
			runOnlyForDeploymentPostprocessing = 0;
		};
		6003F5AB195388D20070C39A /* Frameworks */ = {
			isa = PBXFrameworksBuildPhase;
			buildActionMask = 2147483647;
			files = (
				6003F5B0195388D20070C39A /* XCTest.framework in Frameworks */,
				6003F5B2195388D20070C39A /* UIKit.framework in Frameworks */,
				6003F5B1195388D20070C39A /* Foundation.framework in Frameworks */,
				112245DA8D9227CF2E2FF3B0 /* Pods_AMRSA_Tests.framework in Frameworks */,
			);
			runOnlyForDeploymentPostprocessing = 0;
		};
/* End PBXFrameworksBuildPhase section */

/* Begin PBXGroup section */
		6003F581195388D10070C39A = {
			isa = PBXGroup;
			children = (
				60FF7A9C1954A5C5007DD14C /* Podspec Metadata */,
				6003F593195388D20070C39A /* Example for AMRSA */,
				6003F5B5195388D20070C39A /* Tests */,
				6003F58C195388D20070C39A /* Frameworks */,
				6003F58B195388D20070C39A /* Products */,
				CC2FA1783241ED9763562B04 /* Pods */,
			);
			sourceTree = "<group>";
		};
		6003F58B195388D20070C39A /* Products */ = {
			isa = PBXGroup;
			children = (
				6003F58A195388D20070C39A /* AMRSA_Example.app */,
				6003F5AE195388D20070C39A /* AMRSA_Tests.xctest */,
			);
			name = Products;
			sourceTree = "<group>";
		};
		6003F58C195388D20070C39A /* Frameworks */ = {
			isa = PBXGroup;
			children = (
				6003F58D195388D20070C39A /* Foundation.framework */,
				6003F58F195388D20070C39A /* CoreGraphics.framework */,
				6003F591195388D20070C39A /* UIKit.framework */,
				6003F5AF195388D20070C39A /* XCTest.framework */,
				6B33C58FFDBD965D6D675AF1 /* Pods_AMRSA_Example.framework */,
				C4EEA97C3923532D5317CB5A /* Pods_AMRSA_Tests.framework */,
			);
			name = Frameworks;
			sourceTree = "<group>";
		};
		6003F593195388D20070C39A /* Example for AMRSA */ = {
			isa = PBXGroup;
			children = (
				AE9854491E9FA7C500A36D69 /* AMRSA */,
				6003F59C195388D20070C39A /* AMAppDelegate.h */,
				6003F59D195388D20070C39A /* AMAppDelegate.m */,
				873B8AEA1B1F5CCA007FD442 /* Main.storyboard */,
				6003F5A5195388D20070C39A /* AMViewController.h */,
				6003F5A6195388D20070C39A /* AMViewController.m */,
				71719F9D1E33DC2100824A3D /* LaunchScreen.storyboard */,
				6003F5A8195388D20070C39A /* Images.xcassets */,
				6003F594195388D20070C39A /* Supporting Files */,
			);
			name = "Example for AMRSA";
			path = AMRSA;
			sourceTree = "<group>";
		};
		6003F594195388D20070C39A /* Supporting Files */ = {
			isa = PBXGroup;
			children = (
				6003F595195388D20070C39A /* AMRSA-Info.plist */,
				6003F596195388D20070C39A /* InfoPlist.strings */,
				6003F599195388D20070C39A /* main.m */,
				6003F59B195388D20070C39A /* AMRSA-Prefix.pch */,
			);
			name = "Supporting Files";
			sourceTree = "<group>";
		};
		6003F5B5195388D20070C39A /* Tests */ = {
			isa = PBXGroup;
			children = (
				6003F5BB195388D20070C39A /* Tests.m */,
				6003F5B6195388D20070C39A /* Supporting Files */,
			);
			path = Tests;
			sourceTree = "<group>";
		};
		6003F5B6195388D20070C39A /* Supporting Files */ = {
			isa = PBXGroup;
			children = (
				6003F5B7195388D20070C39A /* Tests-Info.plist */,
				6003F5B8195388D20070C39A /* InfoPlist.strings */,
				606FC2411953D9B200FFA9A0 /* Tests-Prefix.pch */,
			);
			name = "Supporting Files";
			sourceTree = "<group>";
		};
		60FF7A9C1954A5C5007DD14C /* Podspec Metadata */ = {
			isa = PBXGroup;
			children = (
				58C4E11968FC13662EEBDE65 /* AMRSA.podspec */,
				ABBAF23431DDBEC9289B622E /* README.md */,
				CD1CB73509E6ED0EA9ABFF0A /* LICENSE */,
			);
			name = "Podspec Metadata";
			sourceTree = "<group>";
		};
		AE9854491E9FA7C500A36D69 /* AMRSA */ = {
			isa = PBXGroup;
			children = (
				AE98544A1E9FA7DD00A36D69 /* cipher */,
				AE9854531E9FA7DD00A36D69 /* error */,
				AE9854561E9FA7DD00A36D69 /* extension */,
				AE9854591E9FA7DD00A36D69 /* kernel */,
				AE9854601E9FA7DD00A36D69 /* openssl */,
			);
			name = AMRSA;
			sourceTree = "<group>";
		};
		AE98544A1E9FA7DD00A36D69 /* cipher */ = {
			isa = PBXGroup;
			children = (
				AE98544B1E9FA7DD00A36D69 /* AMRSAKey.h */,
				AE98544C1E9FA7DD00A36D69 /* AMRSAKey.m */,
				AE98544D1E9FA7DD00A36D69 /* AMRSASecurity.h */,
				AE98544E1E9FA7DD00A36D69 /* AMRSASecurity.m */,
				AE98544F1E9FA7DD00A36D69 /* AMSecKeyRefConvertor.h */,
				AE9854501E9FA7DD00A36D69 /* AMSecKeyRefConvertor.m */,
				AE9854511E9FA7DD00A36D69 /* NSString+PEM.h */,
				AE9854521E9FA7DD00A36D69 /* NSString+PEM.m */,
			);
			name = cipher;
			path = ../../AMRSA/Classes/cipher;
			sourceTree = "<group>";
		};
		AE9854531E9FA7DD00A36D69 /* error */ = {
			isa = PBXGroup;
			children = (
				AE9854541E9FA7DD00A36D69 /* AMError.h */,
				AE9854551E9FA7DD00A36D69 /* AMError.m */,
			);
			name = error;
			path = ../../AMRSA/Classes/error;
			sourceTree = "<group>";
		};
		AE9854561E9FA7DD00A36D69 /* extension */ = {
			isa = PBXGroup;
			children = (
				AE9854571E9FA7DD00A36D69 /* AMRSAKeyPaireGenerator+Openssl.h */,
				AE9854581E9FA7DD00A36D69 /* AMRSAKeyPaireGenerator+Openssl.m */,
			);
			name = extension;
			path = ../../AMRSA/Classes/extension;
			sourceTree = "<group>";
		};
		AE9854591E9FA7DD00A36D69 /* kernel */ = {
			isa = PBXGroup;
			children = (
				AE98545A1E9FA7DD00A36D69 /* AMRSAKeyFactory.h */,
				AE98545B1E9FA7DD00A36D69 /* AMRSAKeyFactory.m */,
				AE98545C1E9FA7DD00A36D69 /* AMRSAKeyPaire.h */,
				AE98545D1E9FA7DD00A36D69 /* AMRSAKeyPaire.m */,
				AE98545E1E9FA7DD00A36D69 /* AMRSAKeyPaireGenerator.h */,
				AE98545F1E9FA7DD00A36D69 /* AMRSAKeyPaireGenerator.m */,
			);
			name = kernel;
			path = ../../AMRSA/Classes/kernel;
			sourceTree = "<group>";
		};
		AE9854601E9FA7DD00A36D69 /* openssl */ = {
			isa = PBXGroup;
			children = (
				AE9854611E9FA7DD00A36D69 /* include */,
				AE9854BD1E9FA7DE00A36D69 /* lib */,
			);
			name = openssl;
			path = ../../AMRSA/Classes/openssl;
			sourceTree = "<group>";
		};
		AE9854611E9FA7DD00A36D69 /* include */ = {
			isa = PBXGroup;
			children = (
				AE9854621E9FA7DD00A36D69 /* openssl */,
			);
			path = include;
			sourceTree = "<group>";
		};
		AE9854621E9FA7DD00A36D69 /* openssl */ = {
			isa = PBXGroup;
			children = (
				AE9854631E9FA7DD00A36D69 /* aes.h */,
				AE9854641E9FA7DD00A36D69 /* asn1.h */,
				AE9854651E9FA7DD00A36D69 /* asn1_mac.h */,
				AE9854661E9FA7DD00A36D69 /* asn1t.h */,
				AE9854671E9FA7DD00A36D69 /* async.h */,
				AE9854681E9FA7DD00A36D69 /* bio.h */,
				AE9854691E9FA7DD00A36D69 /* blowfish.h */,
				AE98546A1E9FA7DD00A36D69 /* bn.h */,
				AE98546B1E9FA7DD00A36D69 /* buffer.h */,
				AE98546C1E9FA7DD00A36D69 /* camellia.h */,
				AE98546D1E9FA7DD00A36D69 /* cast.h */,
				AE98546E1E9FA7DD00A36D69 /* cmac.h */,
				AE98546F1E9FA7DD00A36D69 /* cms.h */,
				AE9854701E9FA7DD00A36D69 /* comp.h */,
				AE9854711E9FA7DD00A36D69 /* conf.h */,
				AE9854721E9FA7DD00A36D69 /* conf_api.h */,
				AE9854731E9FA7DD00A36D69 /* crypto.h */,
				AE9854741E9FA7DD00A36D69 /* ct.h */,
				AE9854751E9FA7DD00A36D69 /* des.h */,
				AE9854761E9FA7DD00A36D69 /* des_old.h */,
				AE9854771E9FA7DD00A36D69 /* dh.h */,
				AE9854781E9FA7DD00A36D69 /* dsa.h */,
				AE9854791E9FA7DD00A36D69 /* dso.h */,
				AE98547A1E9FA7DD00A36D69 /* dtls1.h */,
				AE98547B1E9FA7DD00A36D69 /* e_os2.h */,
				AE98547C1E9FA7DD00A36D69 /* ebcdic.h */,
				AE98547D1E9FA7DD00A36D69 /* ec.h */,
				AE98547E1E9FA7DD00A36D69 /* ecdh.h */,
				AE98547F1E9FA7DD00A36D69 /* ecdsa.h */,
				AE9854801E9FA7DD00A36D69 /* engine.h */,
				AE9854811E9FA7DD00A36D69 /* err.h */,
				AE9854821E9FA7DD00A36D69 /* evp.h */,
				AE9854831E9FA7DD00A36D69 /* hmac.h */,
				AE9854841E9FA7DD00A36D69 /* idea.h */,
				AE9854851E9FA7DD00A36D69 /* Info.plist */,
				AE9854861E9FA7DD00A36D69 /* kdf.h */,
				AE9854871E9FA7DD00A36D69 /* krb5_asn.h */,
				AE9854881E9FA7DD00A36D69 /* kssl.h */,
				AE9854891E9FA7DD00A36D69 /* lhash.h */,
				AE98548A1E9FA7DD00A36D69 /* md2.h */,
				AE98548B1E9FA7DD00A36D69 /* md4.h */,
				AE98548C1E9FA7DD00A36D69 /* md5.h */,
				AE98548D1E9FA7DD00A36D69 /* mdc2.h */,
				AE98548E1E9FA7DD00A36D69 /* modes.h */,
				AE98548F1E9FA7DD00A36D69 /* obj_mac.h */,
				AE9854901E9FA7DD00A36D69 /* objects.h */,
				AE9854911E9FA7DD00A36D69 /* ocsp.h */,
				AE9854921E9FA7DD00A36D69 /* opensslconf.h */,
				AE9854931E9FA7DD00A36D69 /* opensslconf_ios_arm64.h */,
				AE9854941E9FA7DD00A36D69 /* opensslconf_ios_armv7.h */,
				AE9854951E9FA7DD00A36D69 /* opensslconf_ios_armv7s.h */,
				AE9854961E9FA7DD00A36D69 /* opensslconf_ios_i386.h */,
				AE9854971E9FA7DD00A36D69 /* opensslconf_ios_x86_64.h */,
				AE9854981E9FA7DD00A36D69 /* opensslconf_tvos_arm64.h */,
				AE9854991E9FA7DD00A36D69 /* opensslconf_tvos_x86_64.h */,
				AE98549A1E9FA7DD00A36D69 /* opensslv.h */,
				AE98549B1E9FA7DD00A36D69 /* ossl_typ.h */,
				AE98549C1E9FA7DD00A36D69 /* pem.h */,
				AE98549D1E9FA7DD00A36D69 /* pem2.h */,
				AE98549E1E9FA7DD00A36D69 /* pkcs12.h */,
				AE98549F1E9FA7DD00A36D69 /* pkcs7.h */,
				AE9854A01E9FA7DD00A36D69 /* pqueue.h */,
				AE9854A11E9FA7DD00A36D69 /* rand.h */,
				AE9854A21E9FA7DD00A36D69 /* rc2.h */,
				AE9854A31E9FA7DD00A36D69 /* rc4.h */,
				AE9854A41E9FA7DD00A36D69 /* rc5.h */,
				AE9854A51E9FA7DD00A36D69 /* ripemd.h */,
				AE9854A61E9FA7DD00A36D69 /* rsa.h */,
				AE9854A71E9FA7DD00A36D69 /* safestack.h */,
				AE9854A81E9FA7DD00A36D69 /* seed.h */,
				AE9854A91E9FA7DD00A36D69 /* sha.h */,
				AE9854AA1E9FA7DD00A36D69 /* srp.h */,
				AE9854AB1E9FA7DD00A36D69 /* srtp.h */,
				AE9854AC1E9FA7DD00A36D69 /* ssl.h */,
				AE9854AD1E9FA7DD00A36D69 /* ssl2.h */,
				AE9854AE1E9FA7DD00A36D69 /* ssl23.h */,
				AE9854AF1E9FA7DD00A36D69 /* ssl3.h */,
				AE9854B01E9FA7DD00A36D69 /* stack.h */,
				AE9854B11E9FA7DD00A36D69 /* symhacks.h */,
				AE9854B21E9FA7DD00A36D69 /* tls1.h */,
				AE9854B31E9FA7DD00A36D69 /* ts.h */,
				AE9854B41E9FA7DD00A36D69 /* TTRSA.h */,
				AE9854B51E9FA7DD00A36D69 /* TTRSA.m */,
				AE9854B61E9FA7DD00A36D69 /* txt_db.h */,
				AE9854B71E9FA7DD00A36D69 /* ui.h */,
				AE9854B81E9FA7DD00A36D69 /* ui_compat.h */,
				AE9854B91E9FA7DE00A36D69 /* whrlpool.h */,
				AE9854BA1E9FA7DE00A36D69 /* x509.h */,
				AE9854BB1E9FA7DE00A36D69 /* x509_vfy.h */,
				AE9854BC1E9FA7DE00A36D69 /* x509v3.h */,
			);
			path = openssl;
			sourceTree = "<group>";
		};
		AE9854BD1E9FA7DE00A36D69 /* lib */ = {
			isa = PBXGroup;
			children = (
				AE9854BE1E9FA7DE00A36D69 /* libcrypto.a */,
				AE9854BF1E9FA7DE00A36D69 /* libssl.a */,
			);
			path = lib;
			sourceTree = "<group>";
		};
		CC2FA1783241ED9763562B04 /* Pods */ = {
			isa = PBXGroup;
			children = (
				F02D36B06F76CCF60EDB7F5E /* Pods-AMRSA_Example.debug.xcconfig */,
				4417C7826411BBA2792C0B99 /* Pods-AMRSA_Example.release.xcconfig */,
				6552422AB88A083C545981B1 /* Pods-AMRSA_Tests.debug.xcconfig */,
				E4766818B524C594F9283843 /* Pods-AMRSA_Tests.release.xcconfig */,
			);
			name = Pods;
			sourceTree = "<group>";
		};
/* End PBXGroup section */

/* Begin PBXNativeTarget section */
		6003F589195388D20070C39A /* AMRSA_Example */ = {
			isa = PBXNativeTarget;
			buildConfigurationList = 6003F5BF195388D20070C39A /* Build configuration list for PBXNativeTarget "AMRSA_Example" */;
			buildPhases = (
				1086050D2407773623E35C52 /* [CP] Check Pods Manifest.lock */,
				6003F586195388D20070C39A /* Sources */,
				6003F587195388D20070C39A /* Frameworks */,
				6003F588195388D20070C39A /* Resources */,
				638646C8C0C7D9B0F0D7732A /* [CP] Embed Pods Frameworks */,
				1BC1C3CDF86EA75A2BDD8A0E /* [CP] Copy Pods Resources */,
			);
			buildRules = (
			);
			dependencies = (
			);
			name = AMRSA_Example;
			productName = AMRSA;
			productReference = 6003F58A195388D20070C39A /* AMRSA_Example.app */;
			productType = "com.apple.product-type.application";
		};
		6003F5AD195388D20070C39A /* AMRSA_Tests */ = {
			isa = PBXNativeTarget;
			buildConfigurationList = 6003F5C2195388D20070C39A /* Build configuration list for PBXNativeTarget "AMRSA_Tests" */;
			buildPhases = (
				91D98F92C2CCFE66C435DCFE /* [CP] Check Pods Manifest.lock */,
				6003F5AA195388D20070C39A /* Sources */,
				6003F5AB195388D20070C39A /* Frameworks */,
				6003F5AC195388D20070C39A /* Resources */,
				82E40D7FBFC6DE8C8C18F81A /* [CP] Embed Pods Frameworks */,
				5FE96E3104341D6E7F5AD638 /* [CP] Copy Pods Resources */,
			);
			buildRules = (
			);
			dependencies = (
				6003F5B4195388D20070C39A /* PBXTargetDependency */,
			);
			name = AMRSA_Tests;
			productName = AMRSATests;
			productReference = 6003F5AE195388D20070C39A /* AMRSA_Tests.xctest */;
			productType = "com.apple.product-type.bundle.unit-test";
		};
/* End PBXNativeTarget section */

/* Begin PBXProject section */
		6003F582195388D10070C39A /* Project object */ = {
			isa = PBXProject;
			attributes = {
				CLASSPREFIX = AM;
				LastUpgradeCheck = 0720;
				ORGANIZATIONNAME = liuxu5;
				TargetAttributes = {
					6003F589195388D20070C39A = {
						DevelopmentTeam = B75QM97MKM;
					};
					6003F5AD195388D20070C39A = {
						TestTargetID = 6003F589195388D20070C39A;
					};
				};
			};
			buildConfigurationList = 6003F585195388D10070C39A /* Build configuration list for PBXProject "AMRSA" */;
			compatibilityVersion = "Xcode 3.2";
			developmentRegion = English;
			hasScannedForEncodings = 0;
			knownRegions = (
				en,
				Base,
			);
			mainGroup = 6003F581195388D10070C39A;
			productRefGroup = 6003F58B195388D20070C39A /* Products */;
			projectDirPath = "";
			projectRoot = "";
			targets = (
				6003F589195388D20070C39A /* AMRSA_Example */,
				6003F5AD195388D20070C39A /* AMRSA_Tests */,
			);
		};
/* End PBXProject section */

/* Begin PBXResourcesBuildPhase section */
		6003F588195388D20070C39A /* Resources */ = {
			isa = PBXResourcesBuildPhase;
			buildActionMask = 2147483647;
			files = (
				873B8AEB1B1F5CCA007FD442 /* Main.storyboard in Resources */,
				71719F9F1E33DC2100824A3D /* LaunchScreen.storyboard in Resources */,
				6003F5A9195388D20070C39A /* Images.xcassets in Resources */,
				AE9854C91E9FA7DE00A36D69 /* Info.plist in Resources */,
				6003F598195388D20070C39A /* InfoPlist.strings in Resources */,
			);
			runOnlyForDeploymentPostprocessing = 0;
		};
		6003F5AC195388D20070C39A /* Resources */ = {
			isa = PBXResourcesBuildPhase;
			buildActionMask = 2147483647;
			files = (
				6003F5BA195388D20070C39A /* InfoPlist.strings in Resources */,
			);
			runOnlyForDeploymentPostprocessing = 0;
		};
/* End PBXResourcesBuildPhase section */

/* Begin PBXShellScriptBuildPhase section */
		1086050D2407773623E35C52 /* [CP] Check Pods Manifest.lock */ = {
			isa = PBXShellScriptBuildPhase;
			buildActionMask = 2147483647;
			files = (
			);
			inputPaths = (
			);
			name = "[CP] Check Pods Manifest.lock";
			outputPaths = (
			);
			runOnlyForDeploymentPostprocessing = 0;
			shellPath = /bin/sh;
			shellScript = "diff \"${PODS_ROOT}/../Podfile.lock\" \"${PODS_ROOT}/Manifest.lock\" > /dev/null\nif [ $? != 0 ] ; then\n    # print error to STDERR\n    echo \"error: The sandbox is not in sync with the Podfile.lock. Run 'pod install' or update your CocoaPods installation.\" >&2\n    exit 1\nfi\n";
			showEnvVarsInLog = 0;
		};
		1BC1C3CDF86EA75A2BDD8A0E /* [CP] Copy Pods Resources */ = {
			isa = PBXShellScriptBuildPhase;
			buildActionMask = 2147483647;
			files = (
			);
			inputPaths = (
			);
			name = "[CP] Copy Pods Resources";
			outputPaths = (
			);
			runOnlyForDeploymentPostprocessing = 0;
			shellPath = /bin/sh;
			shellScript = "\"${SRCROOT}/Pods/Target Support Files/Pods-AMRSA_Example/Pods-AMRSA_Example-resources.sh\"\n";
			showEnvVarsInLog = 0;
		};
		5FE96E3104341D6E7F5AD638 /* [CP] Copy Pods Resources */ = {
			isa = PBXShellScriptBuildPhase;
			buildActionMask = 2147483647;
			files = (
			);
			inputPaths = (
			);
			name = "[CP] Copy Pods Resources";
			outputPaths = (
			);
			runOnlyForDeploymentPostprocessing = 0;
			shellPath = /bin/sh;
			shellScript = "\"${SRCROOT}/Pods/Target Support Files/Pods-AMRSA_Tests/Pods-AMRSA_Tests-resources.sh\"\n";
			showEnvVarsInLog = 0;
		};
		638646C8C0C7D9B0F0D7732A /* [CP] Embed Pods Frameworks */ = {
			isa = PBXShellScriptBuildPhase;
			buildActionMask = 2147483647;
			files = (
			);
			inputPaths = (
			);
			name = "[CP] Embed Pods Frameworks";
			outputPaths = (
			);
			runOnlyForDeploymentPostprocessing = 0;
			shellPath = /bin/sh;
			shellScript = "\"${SRCROOT}/Pods/Target Support Files/Pods-AMRSA_Example/Pods-AMRSA_Example-frameworks.sh\"\n";
			showEnvVarsInLog = 0;
		};
		82E40D7FBFC6DE8C8C18F81A /* [CP] Embed Pods Frameworks */ = {
			isa = PBXShellScriptBuildPhase;
			buildActionMask = 2147483647;
			files = (
			);
			inputPaths = (
			);
			name = "[CP] Embed Pods Frameworks";
			outputPaths = (
			);
			runOnlyForDeploymentPostprocessing = 0;
			shellPath = /bin/sh;
			shellScript = "\"${SRCROOT}/Pods/Target Support Files/Pods-AMRSA_Tests/Pods-AMRSA_Tests-frameworks.sh\"\n";
			showEnvVarsInLog = 0;
		};
		91D98F92C2CCFE66C435DCFE /* [CP] Check Pods Manifest.lock */ = {
			isa = PBXShellScriptBuildPhase;
			buildActionMask = 2147483647;
			files = (
			);
			inputPaths = (
			);
			name = "[CP] Check Pods Manifest.lock";
			outputPaths = (
			);
			runOnlyForDeploymentPostprocessing = 0;
			shellPath = /bin/sh;
			shellScript = "diff \"${PODS_ROOT}/../Podfile.lock\" \"${PODS_ROOT}/Manifest.lock\" > /dev/null\nif [ $? != 0 ] ; then\n    # print error to STDERR\n    echo \"error: The sandbox is not in sync with the Podfile.lock. Run 'pod install' or update your CocoaPods installation.\" >&2\n    exit 1\nfi\n";
			showEnvVarsInLog = 0;
		};
/* End PBXShellScriptBuildPhase section */

/* Begin PBXSourcesBuildPhase section */
		6003F586195388D20070C39A /* Sources */ = {
			isa = PBXSourcesBuildPhase;
			buildActionMask = 2147483647;
			files = (
				AE9854C31E9FA7DE00A36D69 /* NSString+PEM.m in Sources */,
				AE9854C11E9FA7DE00A36D69 /* AMRSASecurity.m in Sources */,
				AE9854CA1E9FA7DE00A36D69 /* TTRSA.m in Sources */,
				AE9854C51E9FA7DE00A36D69 /* AMRSAKeyPaireGenerator+Openssl.m in Sources */,
				AE9854C61E9FA7DE00A36D69 /* AMRSAKeyFactory.m in Sources */,
				6003F59E195388D20070C39A /* AMAppDelegate.m in Sources */,
				AE9854C71E9FA7DE00A36D69 /* AMRSAKeyPaire.m in Sources */,
				6003F5A7195388D20070C39A /* AMViewController.m in Sources */,
				AE9854C41E9FA7DE00A36D69 /* AMError.m in Sources */,
				AE9854C81E9FA7DE00A36D69 /* AMRSAKeyPaireGenerator.m in Sources */,
				AE9854C01E9FA7DE00A36D69 /* AMRSAKey.m in Sources */,
				AE9854C21E9FA7DE00A36D69 /* AMSecKeyRefConvertor.m in Sources */,
				6003F59A195388D20070C39A /* main.m in Sources */,
			);
			runOnlyForDeploymentPostprocessing = 0;
		};
		6003F5AA195388D20070C39A /* Sources */ = {
			isa = PBXSourcesBuildPhase;
			buildActionMask = 2147483647;
			files = (
				6003F5BC195388D20070C39A /* Tests.m in Sources */,
			);
			runOnlyForDeploymentPostprocessing = 0;
		};
/* End PBXSourcesBuildPhase section */

/* Begin PBXTargetDependency section */
		6003F5B4195388D20070C39A /* PBXTargetDependency */ = {
			isa = PBXTargetDependency;
			target = 6003F589195388D20070C39A /* AMRSA_Example */;
			targetProxy = 6003F5B3195388D20070C39A /* PBXContainerItemProxy */;
		};
/* End PBXTargetDependency section */

/* Begin PBXVariantGroup section */
		6003F596195388D20070C39A /* InfoPlist.strings */ = {
			isa = PBXVariantGroup;
			children = (
				6003F597195388D20070C39A /* en */,
			);
			name = InfoPlist.strings;
			sourceTree = "<group>";
		};
		6003F5B8195388D20070C39A /* InfoPlist.strings */ = {
			isa = PBXVariantGroup;
			children = (
				6003F5B9195388D20070C39A /* en */,
			);
			name = InfoPlist.strings;
			sourceTree = "<group>";
		};
		71719F9D1E33DC2100824A3D /* LaunchScreen.storyboard */ = {
			isa = PBXVariantGroup;
			children = (
				71719F9E1E33DC2100824A3D /* Base */,
			);
			name = LaunchScreen.storyboard;
			sourceTree = "<group>";
		};
/* End PBXVariantGroup section */

/* Begin XCBuildConfiguration section */
		6003F5BD195388D20070C39A /* Debug */ = {
			isa = XCBuildConfiguration;
			buildSettings = {
				ALWAYS_SEARCH_USER_PATHS = NO;
				CLANG_CXX_LANGUAGE_STANDARD = "gnu++0x";
				CLANG_CXX_LIBRARY = "libc++";
				CLANG_ENABLE_MODULES = YES;
				CLANG_ENABLE_OBJC_ARC = YES;
				CLANG_WARN_BOOL_CONVERSION = YES;
				CLANG_WARN_CONSTANT_CONVERSION = YES;
				CLANG_WARN_DIRECT_OBJC_ISA_USAGE = YES_ERROR;
				CLANG_WARN_EMPTY_BODY = YES;
				CLANG_WARN_ENUM_CONVERSION = YES;
				CLANG_WARN_INT_CONVERSION = YES;
				CLANG_WARN_OBJC_ROOT_CLASS = YES_ERROR;
				CLANG_WARN__DUPLICATE_METHOD_MATCH = YES;
				"CODE_SIGN_IDENTITY[sdk=iphoneos*]" = "iPhone Developer";
				COPY_PHASE_STRIP = NO;
				ENABLE_TESTABILITY = YES;
				GCC_C_LANGUAGE_STANDARD = gnu99;
				GCC_DYNAMIC_NO_PIC = NO;
				GCC_OPTIMIZATION_LEVEL = 0;
				GCC_PREPROCESSOR_DEFINITIONS = (
					"DEBUG=1",
					"$(inherited)",
				);
				GCC_SYMBOLS_PRIVATE_EXTERN = NO;
				GCC_WARN_64_TO_32_BIT_CONVERSION = YES;
				GCC_WARN_ABOUT_RETURN_TYPE = YES_ERROR;
				GCC_WARN_UNDECLARED_SELECTOR = YES;
				GCC_WARN_UNINITIALIZED_AUTOS = YES_AGGRESSIVE;
				GCC_WARN_UNUSED_FUNCTION = YES;
				GCC_WARN_UNUSED_VARIABLE = YES;
				HEADER_SEARCH_PATHS = "/Users/vip-liuxu/demospace/AMRSA/AMRSA/Classes/openssl/include";
				IPHONEOS_DEPLOYMENT_TARGET = 8.3;
				ONLY_ACTIVE_ARCH = YES;
				SDKROOT = iphoneos;
				TARGETED_DEVICE_FAMILY = "1,2";
			};
			name = Debug;
		};
		6003F5BE195388D20070C39A /* Release */ = {
			isa = XCBuildConfiguration;
			buildSettings = {
				ALWAYS_SEARCH_USER_PATHS = NO;
				CLANG_CXX_LANGUAGE_STANDARD = "gnu++0x";
				CLANG_CXX_LIBRARY = "libc++";
				CLANG_ENABLE_MODULES = YES;
				CLANG_ENABLE_OBJC_ARC = YES;
				CLANG_WARN_BOOL_CONVERSION = YES;
				CLANG_WARN_CONSTANT_CONVERSION = YES;
				CLANG_WARN_DIRECT_OBJC_ISA_USAGE = YES_ERROR;
				CLANG_WARN_EMPTY_BODY = YES;
				CLANG_WARN_ENUM_CONVERSION = YES;
				CLANG_WARN_INT_CONVERSION = YES;
				CLANG_WARN_OBJC_ROOT_CLASS = YES_ERROR;
				CLANG_WARN__DUPLICATE_METHOD_MATCH = YES;
				"CODE_SIGN_IDENTITY[sdk=iphoneos*]" = "iPhone Developer";
				COPY_PHASE_STRIP = YES;
				ENABLE_NS_ASSERTIONS = NO;
				GCC_C_LANGUAGE_STANDARD = gnu99;
				GCC_WARN_64_TO_32_BIT_CONVERSION = YES;
				GCC_WARN_ABOUT_RETURN_TYPE = YES_ERROR;
				GCC_WARN_UNDECLARED_SELECTOR = YES;
				GCC_WARN_UNINITIALIZED_AUTOS = YES_AGGRESSIVE;
				GCC_WARN_UNUSED_FUNCTION = YES;
				GCC_WARN_UNUSED_VARIABLE = YES;
				HEADER_SEARCH_PATHS = "/Users/vip-liuxu/demospace/AMRSA/AMRSA/Classes/openssl/include";
				IPHONEOS_DEPLOYMENT_TARGET = 8.3;
				SDKROOT = iphoneos;
				TARGETED_DEVICE_FAMILY = "1,2";
				VALIDATE_PRODUCT = YES;
			};
			name = Release;
		};
		6003F5C0195388D20070C39A /* Debug */ = {
			isa = XCBuildConfiguration;
			baseConfigurationReference = F02D36B06F76CCF60EDB7F5E /* Pods-AMRSA_Example.debug.xcconfig */;
			buildSettings = {
				ASSETCATALOG_COMPILER_APPICON_NAME = AppIcon;
				DEVELOPMENT_TEAM = B75QM97MKM;
				GCC_PRECOMPILE_PREFIX_HEADER = YES;
				GCC_PREFIX_HEADER = "AMRSA/AMRSA-Prefix.pch";
				HEADER_SEARCH_PATHS = "/Users/vip-liuxu/demospace/AMRSA/AMRSA/Classes/openssl/include";
				INFOPLIST_FILE = "AMRSA/AMRSA-Info.plist";
				IPHONEOS_DEPLOYMENT_TARGET = 8.0;
				LIBRARY_SEARCH_PATHS = (
					"/Users/vip-liuxu/demospace/AMRSA/AMRSA/Classes/openssl/lib",
					"$(inherited)",
				);
				MODULE_NAME = ExampleApp;
				PRODUCT_BUNDLE_IDENTIFIER = "org.cocoapods.demo.${PRODUCT_NAME:rfc1034identifier}";
				PRODUCT_NAME = "$(TARGET_NAME)";
				WRAPPER_EXTENSION = app;
			};
			name = Debug;
		};
		6003F5C1195388D20070C39A /* Release */ = {
			isa = XCBuildConfiguration;
			baseConfigurationReference = 4417C7826411BBA2792C0B99 /* Pods-AMRSA_Example.release.xcconfig */;
			buildSettings = {
				ASSETCATALOG_COMPILER_APPICON_NAME = AppIcon;
				DEVELOPMENT_TEAM = B75QM97MKM;
				GCC_PRECOMPILE_PREFIX_HEADER = YES;
				GCC_PREFIX_HEADER = "AMRSA/AMRSA-Prefix.pch";
				HEADER_SEARCH_PATHS = "/Users/vip-liuxu/demospace/AMRSA/AMRSA/Classes/openssl/include";
				INFOPLIST_FILE = "AMRSA/AMRSA-Info.plist";
				IPHONEOS_DEPLOYMENT_TARGET = 8.0;
				LIBRARY_SEARCH_PATHS = (
					"/Users/vip-liuxu/demospace/AMRSA/AMRSA/Classes/openssl/lib",
					"$(inherited)",
				);
				MODULE_NAME = ExampleApp;
				PRODUCT_BUNDLE_IDENTIFIER = "org.cocoapods.demo.${PRODUCT_NAME:rfc1034identifier}";
				PRODUCT_NAME = "$(TARGET_NAME)";
				WRAPPER_EXTENSION = app;
			};
			name = Release;
		};
		6003F5C3195388D20070C39A /* Debug */ = {
			isa = XCBuildConfiguration;
			baseConfigurationReference = 6552422AB88A083C545981B1 /* Pods-AMRSA_Tests.debug.xcconfig */;
			buildSettings = {
				BUNDLE_LOADER = "$(TEST_HOST)";
				DEVELOPMENT_TEAM = "";
				FRAMEWORK_SEARCH_PATHS = (
					"$(SDKROOT)/Developer/Library/Frameworks",
					"$(inherited)",
					"$(DEVELOPER_FRAMEWORKS_DIR)",
				);
				GCC_PRECOMPILE_PREFIX_HEADER = YES;
				GCC_PREFIX_HEADER = "Tests/Tests-Prefix.pch";
				GCC_PREPROCESSOR_DEFINITIONS = (
					"DEBUG=1",
					"$(inherited)",
				);
				INFOPLIST_FILE = "Tests/Tests-Info.plist";
				PRODUCT_BUNDLE_IDENTIFIER = "org.cocoapods.demo.${PRODUCT_NAME:rfc1034identifier}";
				PRODUCT_NAME = "$(TARGET_NAME)";
				TEST_HOST = "$(BUILT_PRODUCTS_DIR)/AMRSA_Example.app/AMRSA_Example";
				WRAPPER_EXTENSION = xctest;
			};
			name = Debug;
		};
		6003F5C4195388D20070C39A /* Release */ = {
			isa = XCBuildConfiguration;
			baseConfigurationReference = E4766818B524C594F9283843 /* Pods-AMRSA_Tests.release.xcconfig */;
			buildSettings = {
				BUNDLE_LOADER = "$(TEST_HOST)";
				DEVELOPMENT_TEAM = "";
				FRAMEWORK_SEARCH_PATHS = (
					"$(SDKROOT)/Developer/Library/Frameworks",
					"$(inherited)",
					"$(DEVELOPER_FRAMEWORKS_DIR)",
				);
				GCC_PRECOMPILE_PREFIX_HEADER = YES;
				GCC_PREFIX_HEADER = "Tests/Tests-Prefix.pch";
				INFOPLIST_FILE = "Tests/Tests-Info.plist";
				PRODUCT_BUNDLE_IDENTIFIER = "org.cocoapods.demo.${PRODUCT_NAME:rfc1034identifier}";
				PRODUCT_NAME = "$(TARGET_NAME)";
				TEST_HOST = "$(BUILT_PRODUCTS_DIR)/AMRSA_Example.app/AMRSA_Example";
				WRAPPER_EXTENSION = xctest;
			};
			name = Release;
		};
/* End XCBuildConfiguration section */

/* Begin XCConfigurationList section */
		6003F585195388D10070C39A /* Build configuration list for PBXProject "AMRSA" */ = {
			isa = XCConfigurationList;
			buildConfigurations = (
				6003F5BD195388D20070C39A /* Debug */,
				6003F5BE195388D20070C39A /* Release */,
			);
			defaultConfigurationIsVisible = 0;
			defaultConfigurationName = Release;
		};
		6003F5BF195388D20070C39A /* Build configuration list for PBXNativeTarget "AMRSA_Example" */ = {
			isa = XCConfigurationList;
			buildConfigurations = (
				6003F5C0195388D20070C39A /* Debug */,
				6003F5C1195388D20070C39A /* Release */,
			);
			defaultConfigurationIsVisible = 0;
			defaultConfigurationName = Release;
		};
		6003F5C2195388D20070C39A /* Build configuration list for PBXNativeTarget "AMRSA_Tests" */ = {
			isa = XCConfigurationList;
			buildConfigurations = (
				6003F5C3195388D20070C39A /* Debug */,
				6003F5C4195388D20070C39A /* Release */,
			);
			defaultConfigurationIsVisible = 0;
			defaultConfigurationName = Release;
		};
/* End XCConfigurationList section */
	};
	rootObject = 6003F582195388D10070C39A /* Project object */;
}
